// !$*UTF8*$!
{
	archiveVersion = 1;
	classes = {
	};
	objectVersion = 50;
	objects = {

/* Begin PBXBuildFile section */
		142AF90B23983C9800AC1164 /* AppDelegate.swift in Sources */ = {isa = PBXBuildFile; fileRef = 142AF90A23983C9800AC1164 /* AppDelegate.swift */; };
		142AF90D23983C9800AC1164 /* SceneDelegate.swift in Sources */ = {isa = PBXBuildFile; fileRef = 142AF90C23983C9800AC1164 /* SceneDelegate.swift */; };
		142AF90F23983C9800AC1164 /* ViewController.swift in Sources */ = {isa = PBXBuildFile; fileRef = 142AF90E23983C9800AC1164 /* ViewController.swift */; };
		142AF91223983C9800AC1164 /* Main.storyboard in Resources */ = {isa = PBXBuildFile; fileRef = 142AF91023983C9800AC1164 /* Main.storyboard */; };
		142AF91423983C9A00AC1164 /* Assets.xcassets in Resources */ = {isa = PBXBuildFile; fileRef = 142AF91323983C9A00AC1164 /* Assets.xcassets */; };
		142AF91723983C9A00AC1164 /* LaunchScreen.storyboard in Resources */ = {isa = PBXBuildFile; fileRef = 142AF91523983C9A00AC1164 /* LaunchScreen.storyboard */; };
/* End PBXBuildFile section */

/* Begin PBXFileReference section */
		142AF90723983C9800AC1164 /* True Photo.app */ = {isa = PBXFileReference; explicitFileType = wrapper.application; includeInIndex = 0; path = "True Photo.app"; sourceTree = BUILT_PRODUCTS_DIR; };
		142AF90A23983C9800AC1164 /* AppDelegate.swift */ = {isa = PBXFileReference; lastKnownFileType = sourcecode.swift; path = AppDelegate.swift; sourceTree = "<group>"; };
		142AF90C23983C9800AC1164 /* SceneDelegate.swift */ = {isa = PBXFileReference; lastKnownFileType = sourcecode.swift; path = SceneDelegate.swift; sourceTree = "<group>"; };
		142AF90E23983C9800AC1164 /* ViewController.swift */ = {isa = PBXFileReference; lastKnownFileType = sourcecode.swift; path = ViewController.swift; sourceTree = "<group>"; };
		142AF91123983C9800AC1164 /* Base */ = {isa = PBXFileReference; lastKnownFileType = file.storyboard; name = Base; path = Base.lproj/Main.storyboard; sourceTree = "<group>"; };
		142AF91323983C9A00AC1164 /* Assets.xcassets */ = {isa = PBXFileReference; lastKnownFileType = folder.assetcatalog; path = Assets.xcassets; sourceTree = "<group>"; };
		142AF91623983C9A00AC1164 /* Base */ = {isa = PBXFileReference; lastKnownFileType = file.storyboard; name = Base; path = Base.lproj/LaunchScreen.storyboard; sourceTree = "<group>"; };
		142AF91823983C9A00AC1164 /* Info.plist */ = {isa = PBXFileReference; lastKnownFileType = text.plist.xml; path = Info.plist; sourceTree = "<group>"; };
/* End PBXFileReference section */

/* Begin PBXFrameworksBuildPhase section */
		142AF90423983C9800AC1164 /* Frameworks */ = {
			isa = PBXFrameworksBuildPhase;
			buildActionMask = 2147483647;
			files = (
			);
			runOnlyForDeploymentPostprocessing = 0;
		};
/* End PBXFrameworksBuildPhase section */

/* Begin PBXGroup section */
		142AF8FE23983C9800AC1164 = {
			isa = PBXGroup;
			children = (
				142AF90923983C9800AC1164 /* True Photo */,
				142AF90823983C9800AC1164 /* Products */,
			);
			sourceTree = "<group>";
		};
		142AF90823983C9800AC1164 /* Products */ = {
			isa = PBXGroup;
			children = (
				142AF90723983C9800AC1164 /* True Photo.app */,
			);
			name = Products;
			sourceTree = "<group>";
		};
		142AF90923983C9800AC1164 /* True Photo */ = {
			isa = PBXGroup;
			children = (
				142AF90A23983C9800AC1164 /* AppDelegate.swift */,
				142AF90C23983C9800AC1164 /* SceneDelegate.swift */,
				142AF90E23983C9800AC1164 /* ViewController.swift */,
				142AF91023983C9800AC1164 /* Main.storyboard */,
				142AF91323983C9A00AC1164 /* Assets.xcassets */,
				142AF91523983C9A00AC1164 /* LaunchScreen.storyboard */,
				142AF91823983C9A00AC1164 /* Info.plist */,
			);
			path = "True Photo";
			sourceTree = "<group>";
		};
/* End PBXGroup section */

/* Begin PBXNativeTarget section */
		142AF90623983C9800AC1164 /* True Photo */ = {
			isa = PBXNativeTarget;
			buildConfigurationList = 142AF91B23983C9A00AC1164 /* Build configuration list for PBXNativeTarget "True Photo" */;
			buildPhases = (
				142AF90323983C9800AC1164 /* Sources */,
				142AF90423983C9800AC1164 /* Frameworks */,
				142AF90523983C9800AC1164 /* Resources */,
			);
			buildRules = (
			);
			dependencies = (
			);
			name = "True Photo";
			productName = "True Photo";
			productReference = 142AF90723983C9800AC1164 /* True Photo.app */;
			productType = "com.apple.product-type.application";
		};
/* End PBXNativeTarget section */

/* Begin PBXProject section */
		142AF8FF23983C9800AC1164 /* Project object */ = {
			isa = PBXProject;
			attributes = {
				LastSwiftUpdateCheck = 1110;
				LastUpgradeCheck = 1110;
				ORGANIZATIONNAME = "Денис Жукоборский";
				TargetAttributes = {
					142AF90623983C9800AC1164 = {
						CreatedOnToolsVersion = 11.1;
					};
				};
			};
			buildConfigurationList = 142AF90223983C9800AC1164 /* Build configuration list for PBXProject "True Photo" */;
			compatibilityVersion = "Xcode 9.3";
			developmentRegion = en;
			hasScannedForEncodings = 0;
			knownRegions = (
				en,
				Base,
			);
			mainGroup = 142AF8FE23983C9800AC1164;
			productRefGroup = 142AF90823983C9800AC1164 /* Products */;
			projectDirPath = "";
			projectRoot = "";
			targets = (
				142AF90623983C9800AC1164 /* True Photo */,
			);
		};
/* End PBXProject section */

/* Begin PBXResourcesBuildPhase section */
		142AF90523983C9800AC1164 /* Resources */ = {
			isa = PBXResourcesBuildPhase;
			buildActionMask = 2147483647;
			files = (
				142AF91723983C9A00AC1164 /* LaunchScreen.storyboard in Resources */,
				142AF91423983C9A00AC1164 /* Assets.xcassets in Resources */,
				142AF91223983C9800AC1164 /* Main.storyboard in Resources */,
			);
			runOnlyForDeploymentPostprocessing = 0;
		};
/* End PBXResourcesBuildPhase section */

/* Begin PBXSourcesBuildPhase section */
		142AF90323983C9800AC1164 /* Sources */ = {
			isa = PBXSourcesBuildPhase;
			buildActionMask = 2147483647;
			files = (
				142AF90F23983C9800AC1164 /* ViewController.swift in Sources */,
				142AF90B23983C9800AC1164 /* AppDelegate.swift in Sources */,
				142AF90D23983C9800AC1164 /* SceneDelegate.swift in Sources */,
			);
			runOnlyForDeploymentPostprocessing = 0;
		};
/* End PBXSourcesBuildPhase section */

/* Begin PBXVariantGroup section */
		142AF91023983C9800AC1164 /* Main.storyboard */ = {
			isa = PBXVariantGroup;
			children = (
				142AF91123983C9800AC1164 /* Base */,
			);
			name = Main.storyboard;
			sourceTree = "<group>";
		};
		142AF91523983C9A00AC1164 /* LaunchScreen.storyboard */ = {
			isa = PBXVariantGroup;
			children = (
				142AF91623983C9A00AC1164 /* Base */,
			);
			name = LaunchScreen.storyboard;
			sourceTree = "<group>";
		};
/* End PBXVariantGroup section */

/* Begin XCBuildConfiguration section */
		142AF91923983C9A00AC1164 /* Debug */ = {
			isa = XCBuildConfiguration;
			buildSettings = {
				ALWAYS_SEARCH_USER_PATHS = NO;
				CLANG_ANALYZER_NONNULL = YES;
				CLANG_ANALYZER_NUMBER_OBJECT_CONVERSION = YES_AGGRESSIVE;
				CLANG_CXX_LANGUAGE_STANDARD = "gnu++14";
				CLANG_CXX_LIBRARY = "libc++";
				CLANG_ENABLE_MODULES = YES;
				CLANG_ENABLE_OBJC_ARC = YES;
				CLANG_ENABLE_OBJC_WEAK = YES;
				CLANG_WARN_BLOCK_CAPTURE_AUTORELEASING = YES;
				CLANG_WARN_BOOL_CONVERSION = YES;
				CLANG_WARN_COMMA = YES;
				CLANG_WARN_CONSTANT_CONVERSION = YES;
				CLANG_WARN_DEPRECATED_OBJC_IMPLEMENTATIONS = YES;
				CLANG_WARN_DIRECT_OBJC_ISA_USAGE = YES_ERROR;
				CLANG_WARN_DOCUMENTATION_COMMENTS = YES;
				CLANG_WARN_EMPTY_BODY = YES;
				CLANG_WARN_ENUM_CONVERSION = YES;
				CLANG_WARN_INFINITE_RECURSION = YES;
				CLANG_WARN_INT_CONVERSION = YES;
				CLANG_WARN_NON_LITERAL_NULL_CONVERSION = YES;
				CLANG_WARN_OBJC_IMPLICIT_RETAIN_SELF = YES;
				CLANG_WARN_OBJC_LITERAL_CONVERSION = YES;
				CLANG_WARN_OBJC_ROOT_CLASS = YES_ERROR;
				CLANG_WARN_RANGE_LOOP_ANALYSIS = YES;
				CLANG_WARN_STRICT_PROTOTYPES = YES;
				CLANG_WARN_SUSPICIOUS_MOVE = YES;
				CLANG_WARN_UNGUARDED_AVAILABILITY = YES_AGGRESSIVE;
				CLANG_WARN_UNREACHABLE_CODE = YES;
				CLANG_WARN__DUPLICATE_METHOD_MATCH = YES;
				COPY_PHASE_STRIP = NO;
				DEBUG_INFORMATION_FORMAT = dwarf;
				ENABLE_STRICT_OBJC_MSGSEND = YES;
				ENABLE_TESTABILITY = YES;
				GCC_C_LANGUAGE_STANDARD = gnu11;
				GCC_DYNAMIC_NO_PIC = NO;
				GCC_NO_COMMON_BLOCKS = YES;
				GCC_OPTIMIZATION_LEVEL = 0;
				GCC_PREPROCESSOR_DEFINITIONS = (
					"DEBUG=1",
					"$(inherited)",
				);
				GCC_WARN_64_TO_32_BIT_CONVERSION = YES;
				GCC_WARN_ABOUT_RETURN_TYPE = YES_ERROR;
				GCC_WARN_UNDECLARED_SELECTOR = YES;
				GCC_WARN_UNINITIALIZED_AUTOS = YES_AGGRESSIVE;
				GCC_WARN_UNUSED_FUNCTION = YES;
				GCC_WARN_UNUSED_VARIABLE = YES;
				IPHONEOS_DEPLOYMENT_TARGET = 13.1;
				MTL_ENABLE_DEBUG_INFO = INCLUDE_SOURCE;
				MTL_FAST_MATH = YES;
				ONLY_ACTIVE_ARCH = YES;
				SDKROOT = iphoneos;
				SWIFT_ACTIVE_COMPILATION_CONDITIONS = DEBUG;
				SWIFT_OPTIMIZATION_LEVEL = "-Onone";
			};
			name = Debug;
		};
		142AF91A23983C9A00AC1164 /* Release */ = {
			isa = XCBuildConfiguration;
			buildSettings = {
				ALWAYS_SEARCH_USER_PATHS = NO;
				CLANG_ANALYZER_NONNULL = YES;
				CLANG_ANALYZER_NUMBER_OBJECT_CONVERSION = YES_AGGRESSIVE;
				CLANG_CXX_LANGUAGE_STANDARD = "gnu++14";
				CLANG_CXX_LIBRARY = "libc++";
				CLANG_ENABLE_MODULES = YES;
				CLANG_ENABLE_OBJC_ARC = YES;
				CLANG_ENABLE_OBJC_WEAK = YES;
				CLANG_WARN_BLOCK_CAPTURE_AUTORELEASING = YES;
				CLANG_WARN_BOOL_CONVERSION = YES;
				CLANG_WARN_COMMA = YES;
				CLANG_WARN_CONSTANT_CONVERSION = YES;
				CLANG_WARN_DEPRECATED_OBJC_IMPLEMENTATIONS = YES;
				CLANG_WARN_DIRECT_OBJC_ISA_USAGE = YES_ERROR;
				CLANG_WARN_DOCUMENTATION_COMMENTS = YES;
				CLANG_WARN_EMPTY_BODY = YES;
				CLANG_WARN_ENUM_CONVERSION = YES;
				CLANG_WARN_INFINITE_RECURSION = YES;
				CLANG_WARN_INT_CONVERSION = YES;
				CLANG_WARN_NON_LITERAL_NULL_CONVERSION = YES;
				CLANG_WARN_OBJC_IMPLICIT_RETAIN_SELF = YES;
				CLANG_WARN_OBJC_LITERAL_CONVERSION = YES;
				CLANG_WARN_OBJC_ROOT_CLASS = YES_ERROR;
				CLANG_WARN_RANGE_LOOP_ANALYSIS = YES;
				CLANG_WARN_STRICT_PROTOTYPES = YES;
				CLANG_WARN_SUSPICIOUS_MOVE = YES;
				CLANG_WARN_UNGUARDED_AVAILABILITY = YES_AGGRESSIVE;
				CLANG_WARN_UNREACHABLE_CODE = YES;
				CLANG_WARN__DUPLICATE_METHOD_MATCH = YES;
				COPY_PHASE_STRIP = NO;
				DEBUG_INFORMATION_FORMAT = "dwarf-with-dsym";
				ENABLE_NS_ASSERTIONS = NO;
				ENABLE_STRICT_OBJC_MSGSEND = YES;
				GCC_C_LANGUAGE_STANDARD = gnu11;
				GCC_NO_COMMON_BLOCKS = YES;
				GCC_WARN_64_TO_32_BIT_CONVERSION = YES;
				GCC_WARN_ABOUT_RETURN_TYPE = YES_ERROR;
				GCC_WARN_UNDECLARED_SELECTOR = YES;
				GCC_WARN_UNINITIALIZED_AUTOS = YES_AGGRESSIVE;
				GCC_WARN_UNUSED_FUNCTION = YES;
				GCC_WARN_UNUSED_VARIABLE = YES;
				IPHONEOS_DEPLOYMENT_TARGET = 13.1;
				MTL_ENABLE_DEBUG_INFO = NO;
				MTL_FAST_MATH = YES;
				SDKROOT = iphoneos;
				SWIFT_COMPILATION_MODE = wholemodule;
				SWIFT_OPTIMIZATION_LEVEL = "-O";
				VALIDATE_PRODUCT = YES;
			};
			name = Release;
		};
		142AF91C23983C9A00AC1164 /* Debug */ = {
			isa = XCBuildConfiguration;
			buildSettings = {
				ASSETCATALOG_COMPILER_APPICON_NAME = AppIcon;
				CODE_SIGN_STYLE = Automatic;
				DEVELOPMENT_TEAM = R32RNVFC97;
				INFOPLIST_FILE = "True Photo/Info.plist";
				LD_RUNPATH_SEARCH_PATHS = (
					"$(inherited)",
					"@executable_path/Frameworks",
				);
				PRODUCT_BUNDLE_IDENTIFIER = "denis.zhukoborsky.True-Photo";
				PRODUCT_NAME = "$(TARGET_NAME)";
				SWIFT_VERSION = 5.0;
				TARGETED_DEVICE_FAMILY = "1,2";
			};
			name = Debug;
		};
		142AF91D23983C9A00AC1164 /* Release */ = {
			isa = XCBuildConfiguration;
			buildSettings = {
				ASSETCATALOG_COMPILER_APPICON_NAME = AppIcon;
				CODE_SIGN_STYLE = Automatic;
				DEVELOPMENT_TEAM = R32RNVFC97;
				INFOPLIST_FILE = "True Photo/Info.plist";
				LD_RUNPATH_SEARCH_PATHS = (
					"$(inherited)",
					"@executable_path/Frameworks",
				);
				PRODUCT_BUNDLE_IDENTIFIER = "denis.zhukoborsky.True-Photo";
				PRODUCT_NAME = "$(TARGET_NAME)";
				SWIFT_VERSION = 5.0;
				TARGETED_DEVICE_FAMILY = "1,2";
			};
			name = Release;
		};
/* End XCBuildConfiguration section */

/* Begin XCConfigurationList section */
		142AF90223983C9800AC1164 /* Build configuration list for PBXProject "True Photo" */ = {
			isa = XCConfigurationList;
			buildConfigurations = (
				142AF91923983C9A00AC1164 /* Debug */,
				142AF91A23983C9A00AC1164 /* Release */,
			);
			defaultConfigurationIsVisible = 0;
			defaultConfigurationName = Release;
		};
		142AF91B23983C9A00AC1164 /* Build configuration list for PBXNativeTarget "True Photo" */ = {
			isa = XCConfigurationList;
			buildConfigurations = (
				142AF91C23983C9A00AC1164 /* Debug */,
				142AF91D23983C9A00AC1164 /* Release */,
			);
			defaultConfigurationIsVisible = 0;
			defaultConfigurationName = Release;
		};
/* End XCConfigurationList section */
	};
	rootObject = 142AF8FF23983C9800AC1164 /* Project object */;
}
